// !$*UTF8*$!
{
	archiveVersion = 1;
	classes = {
	};
	objectVersion = 56;
	objects = {

/* Begin PBXBuildFile section */
		EB15B2922B480FB30096B201 /* hyacinthApp.swift in Sources */ = {isa = PBXBuildFile; fileRef = EB15B2912B480FB30096B201 /* hyacinthApp.swift */; };
		EB15B2942B480FB30096B201 /* ContentView.swift in Sources */ = {isa = PBXBuildFile; fileRef = EB15B2932B480FB30096B201 /* ContentView.swift */; };
		EB15B2962B480FB50096B201 /* Assets.xcassets in Resources */ = {isa = PBXBuildFile; fileRef = EB15B2952B480FB50096B201 /* Assets.xcassets */; };
		EB15B2992B480FB50096B201 /* Preview Assets.xcassets in Resources */ = {isa = PBXBuildFile; fileRef = EB15B2982B480FB50096B201 /* Preview Assets.xcassets */; };
		EB15B2A32B4811CF0096B201 /* TaskModel.swift in Sources */ = {isa = PBXBuildFile; fileRef = EB15B2A22B4811CF0096B201 /* TaskModel.swift */; };
		EB15B2A52B4811E40096B201 /* TagModel.swift in Sources */ = {isa = PBXBuildFile; fileRef = EB15B2A42B4811E40096B201 /* TagModel.swift */; };
		EB15B2A72B4811FB0096B201 /* ContentViewModel.swift in Sources */ = {isa = PBXBuildFile; fileRef = EB15B2A62B4811FB0096B201 /* ContentViewModel.swift */; };
		EB15B2A92B4812410096B201 /* AddView.swift in Sources */ = {isa = PBXBuildFile; fileRef = EB15B2A82B4812410096B201 /* AddView.swift */; };
		EB15B2AB2B48124A0096B201 /* SettingsView.swift in Sources */ = {isa = PBXBuildFile; fileRef = EB15B2AA2B48124A0096B201 /* SettingsView.swift */; };
		EB15B2AD2B48AD980096B201 /* CardView.swift in Sources */ = {isa = PBXBuildFile; fileRef = EB15B2AC2B48AD980096B201 /* CardView.swift */; };
		EB15B2AF2B48B1C70096B201 /* TagColourModel.swift in Sources */ = {isa = PBXBuildFile; fileRef = EB15B2AE2B48B1C70096B201 /* TagColourModel.swift */; };
		EB74B9E32B48B659007E1EF0 /* TagView.swift in Sources */ = {isa = PBXBuildFile; fileRef = EB74B9E22B48B659007E1EF0 /* TagView.swift */; };
		EB74B9E52B48BB51007E1EF0 /* DayView.swift in Sources */ = {isa = PBXBuildFile; fileRef = EB74B9E42B48BB51007E1EF0 /* DayView.swift */; };
		EB8F249E2B4AAA5E00DA3EEC /* SwipeActions in Frameworks */ = {isa = PBXBuildFile; productRef = EB8F249D2B4AAA5E00DA3EEC /* SwipeActions */; };
		EBC1C2322B6062DA00EFE3E3 /* TagListView.swift in Sources */ = {isa = PBXBuildFile; fileRef = EBC1C2312B6062D900EFE3E3 /* TagListView.swift */; };
/* End PBXBuildFile section */

/* Begin PBXFileReference section */
		EB15B28E2B480FB30096B201 /* hyacinth.app */ = {isa = PBXFileReference; explicitFileType = wrapper.application; includeInIndex = 0; path = hyacinth.app; sourceTree = BUILT_PRODUCTS_DIR; };
		EB15B2912B480FB30096B201 /* hyacinthApp.swift */ = {isa = PBXFileReference; lastKnownFileType = sourcecode.swift; path = hyacinthApp.swift; sourceTree = "<group>"; };
		EB15B2932B480FB30096B201 /* ContentView.swift */ = {isa = PBXFileReference; lastKnownFileType = sourcecode.swift; path = ContentView.swift; sourceTree = "<group>"; };
		EB15B2952B480FB50096B201 /* Assets.xcassets */ = {isa = PBXFileReference; lastKnownFileType = folder.assetcatalog; path = Assets.xcassets; sourceTree = "<group>"; };
		EB15B2982B480FB50096B201 /* Preview Assets.xcassets */ = {isa = PBXFileReference; lastKnownFileType = folder.assetcatalog; path = "Preview Assets.xcassets"; sourceTree = "<group>"; };
		EB15B2A22B4811CF0096B201 /* TaskModel.swift */ = {isa = PBXFileReference; lastKnownFileType = sourcecode.swift; path = TaskModel.swift; sourceTree = "<group>"; };
		EB15B2A42B4811E40096B201 /* TagModel.swift */ = {isa = PBXFileReference; lastKnownFileType = sourcecode.swift; path = TagModel.swift; sourceTree = "<group>"; };
		EB15B2A62B4811FB0096B201 /* ContentViewModel.swift */ = {isa = PBXFileReference; lastKnownFileType = sourcecode.swift; path = ContentViewModel.swift; sourceTree = "<group>"; };
		EB15B2A82B4812410096B201 /* AddView.swift */ = {isa = PBXFileReference; lastKnownFileType = sourcecode.swift; path = AddView.swift; sourceTree = "<group>"; };
		EB15B2AA2B48124A0096B201 /* SettingsView.swift */ = {isa = PBXFileReference; lastKnownFileType = sourcecode.swift; path = SettingsView.swift; sourceTree = "<group>"; };
		EB15B2AC2B48AD980096B201 /* CardView.swift */ = {isa = PBXFileReference; lastKnownFileType = sourcecode.swift; path = CardView.swift; sourceTree = "<group>"; };
		EB15B2AE2B48B1C70096B201 /* TagColourModel.swift */ = {isa = PBXFileReference; lastKnownFileType = sourcecode.swift; path = TagColourModel.swift; sourceTree = "<group>"; };
		EB74B9E22B48B659007E1EF0 /* TagView.swift */ = {isa = PBXFileReference; lastKnownFileType = sourcecode.swift; path = TagView.swift; sourceTree = "<group>"; };
		EB74B9E42B48BB51007E1EF0 /* DayView.swift */ = {isa = PBXFileReference; lastKnownFileType = sourcecode.swift; path = DayView.swift; sourceTree = "<group>"; };
		EBC1C2312B6062D900EFE3E3 /* TagListView.swift */ = {isa = PBXFileReference; lastKnownFileType = sourcecode.swift; path = TagListView.swift; sourceTree = "<group>"; };
/* End PBXFileReference section */

/* Begin PBXFrameworksBuildPhase section */
		EB15B28B2B480FB30096B201 /* Frameworks */ = {
			isa = PBXFrameworksBuildPhase;
			buildActionMask = 2147483647;
			files = (
				EB8F249E2B4AAA5E00DA3EEC /* SwipeActions in Frameworks */,
			);
			runOnlyForDeploymentPostprocessing = 0;
		};
/* End PBXFrameworksBuildPhase section */

/* Begin PBXGroup section */
		EB15B2852B480FB30096B201 = {
			isa = PBXGroup;
			children = (
				EB15B2902B480FB30096B201 /* hyacinth */,
				EB15B28F2B480FB30096B201 /* Products */,
			);
			sourceTree = "<group>";
		};
		EB15B28F2B480FB30096B201 /* Products */ = {
			isa = PBXGroup;
			children = (
				EB15B28E2B480FB30096B201 /* hyacinth.app */,
			);
			name = Products;
			sourceTree = "<group>";
		};
		EB15B2902B480FB30096B201 /* hyacinth */ = {
			isa = PBXGroup;
			children = (
				EB15B2A02B4810DE0096B201 /* Models */,
				EB15B2A12B4810F10096B201 /* ViewModels */,
				EB15B29F2B4810D80096B201 /* Views */,
				EB15B2912B480FB30096B201 /* hyacinthApp.swift */,
				EB15B2952B480FB50096B201 /* Assets.xcassets */,
				EB15B2972B480FB50096B201 /* Preview Content */,
			);
			path = hyacinth;
			sourceTree = "<group>";
		};
		EB15B2972B480FB50096B201 /* Preview Content */ = {
			isa = PBXGroup;
			children = (
				EB15B2982B480FB50096B201 /* Preview Assets.xcassets */,
			);
			path = "Preview Content";
			sourceTree = "<group>";
		};
		EB15B29F2B4810D80096B201 /* Views */ = {
			isa = PBXGroup;
			children = (
				EB15B2932B480FB30096B201 /* ContentView.swift */,
				EB15B2A82B4812410096B201 /* AddView.swift */,
				EB74B9E42B48BB51007E1EF0 /* DayView.swift */,
				EB15B2AA2B48124A0096B201 /* SettingsView.swift */,
				EB15B2AC2B48AD980096B201 /* CardView.swift */,
				EB74B9E22B48B659007E1EF0 /* TagView.swift */,
				EBC1C2312B6062D900EFE3E3 /* TagListView.swift */,
			);
			path = Views;
			sourceTree = "<group>";
		};
		EB15B2A02B4810DE0096B201 /* Models */ = {
			isa = PBXGroup;
			children = (
				EB15B2A22B4811CF0096B201 /* TaskModel.swift */,
				EB15B2A42B4811E40096B201 /* TagModel.swift */,
				EB15B2AE2B48B1C70096B201 /* TagColourModel.swift */,
			);
			path = Models;
			sourceTree = "<group>";
		};
		EB15B2A12B4810F10096B201 /* ViewModels */ = {
			isa = PBXGroup;
			children = (
				EB15B2A62B4811FB0096B201 /* ContentViewModel.swift */,
			);
			path = ViewModels;
			sourceTree = "<group>";
		};
/* End PBXGroup section */

/* Begin PBXNativeTarget section */
		EB15B28D2B480FB30096B201 /* hyacinth */ = {
			isa = PBXNativeTarget;
			buildConfigurationList = EB15B29C2B480FB50096B201 /* Build configuration list for PBXNativeTarget "hyacinth" */;
			buildPhases = (
				EB15B28A2B480FB30096B201 /* Sources */,
				EB15B28B2B480FB30096B201 /* Frameworks */,
				EB15B28C2B480FB30096B201 /* Resources */,
			);
			buildRules = (
			);
			dependencies = (
			);
			name = hyacinth;
			packageProductDependencies = (
				EB8F249D2B4AAA5E00DA3EEC /* SwipeActions */,
			);
			productName = hyacinth;
			productReference = EB15B28E2B480FB30096B201 /* hyacinth.app */;
			productType = "com.apple.product-type.application";
		};
/* End PBXNativeTarget section */

/* Begin PBXProject section */
		EB15B2862B480FB30096B201 /* Project object */ = {
			isa = PBXProject;
			attributes = {
				BuildIndependentTargetsInParallel = 1;
				LastSwiftUpdateCheck = 1510;
				LastUpgradeCheck = 1510;
				TargetAttributes = {
					EB15B28D2B480FB30096B201 = {
						CreatedOnToolsVersion = 15.1;
					};
				};
			};
			buildConfigurationList = EB15B2892B480FB30096B201 /* Build configuration list for PBXProject "hyacinth" */;
			compatibilityVersion = "Xcode 14.0";
			developmentRegion = en;
			hasScannedForEncodings = 0;
			knownRegions = (
				en,
				Base,
			);
			mainGroup = EB15B2852B480FB30096B201;
			packageReferences = (
				EB8F249C2B4AAA5E00DA3EEC /* XCRemoteSwiftPackageReference "SwipeActions" */,
			);
			productRefGroup = EB15B28F2B480FB30096B201 /* Products */;
			projectDirPath = "";
			projectRoot = "";
			targets = (
				EB15B28D2B480FB30096B201 /* hyacinth */,
			);
		};
/* End PBXProject section */

/* Begin PBXResourcesBuildPhase section */
		EB15B28C2B480FB30096B201 /* Resources */ = {
			isa = PBXResourcesBuildPhase;
			buildActionMask = 2147483647;
			files = (
				EB15B2992B480FB50096B201 /* Preview Assets.xcassets in Resources */,
				EB15B2962B480FB50096B201 /* Assets.xcassets in Resources */,
			);
			runOnlyForDeploymentPostprocessing = 0;
		};
/* End PBXResourcesBuildPhase section */

/* Begin PBXSourcesBuildPhase section */
		EB15B28A2B480FB30096B201 /* Sources */ = {
			isa = PBXSourcesBuildPhase;
			buildActionMask = 2147483647;
			files = (
				EB15B2AB2B48124A0096B201 /* SettingsView.swift in Sources */,
				EB74B9E52B48BB51007E1EF0 /* DayView.swift in Sources */,
				EB74B9E32B48B659007E1EF0 /* TagView.swift in Sources */,
				EB15B2A32B4811CF0096B201 /* TaskModel.swift in Sources */,
				EB15B2942B480FB30096B201 /* ContentView.swift in Sources */,
				EB15B2AF2B48B1C70096B201 /* TagColourModel.swift in Sources */,
				EB15B2A92B4812410096B201 /* AddView.swift in Sources */,
				EBC1C2322B6062DA00EFE3E3 /* TagListView.swift in Sources */,
				EB15B2A52B4811E40096B201 /* TagModel.swift in Sources */,
				EB15B2922B480FB30096B201 /* hyacinthApp.swift in Sources */,
				EB15B2AD2B48AD980096B201 /* CardView.swift in Sources */,
				EB15B2A72B4811FB0096B201 /* ContentViewModel.swift in Sources */,
			);
			runOnlyForDeploymentPostprocessing = 0;
		};
/* End PBXSourcesBuildPhase section */

/* Begin XCBuildConfiguration section */
		EB15B29A2B480FB50096B201 /* Debug */ = {
			isa = XCBuildConfiguration;
			buildSettings = {
				ALWAYS_SEARCH_USER_PATHS = NO;
				ASSETCATALOG_COMPILER_GENERATE_SWIFT_ASSET_SYMBOL_EXTENSIONS = YES;
				CLANG_ANALYZER_NONNULL = YES;
				CLANG_ANALYZER_NUMBER_OBJECT_CONVERSION = YES_AGGRESSIVE;
				CLANG_CXX_LANGUAGE_STANDARD = "gnu++20";
				CLANG_ENABLE_MODULES = YES;
				CLANG_ENABLE_OBJC_ARC = YES;
				CLANG_ENABLE_OBJC_WEAK = YES;
				CLANG_WARN_BLOCK_CAPTURE_AUTORELEASING = YES;
				CLANG_WARN_BOOL_CONVERSION = YES;
				CLANG_WARN_COMMA = YES;
				CLANG_WARN_CONSTANT_CONVERSION = YES;
				CLANG_WARN_DEPRECATED_OBJC_IMPLEMENTATIONS = YES;
				CLANG_WARN_DIRECT_OBJC_ISA_USAGE = YES_ERROR;
				CLANG_WARN_DOCUMENTATION_COMMENTS = YES;
				CLANG_WARN_EMPTY_BODY = YES;
				CLANG_WARN_ENUM_CONVERSION = YES;
				CLANG_WARN_INFINITE_RECURSION = YES;
				CLANG_WARN_INT_CONVERSION = YES;
				CLANG_WARN_NON_LITERAL_NULL_CONVERSION = YES;
				CLANG_WARN_OBJC_IMPLICIT_RETAIN_SELF = YES;
				CLANG_WARN_OBJC_LITERAL_CONVERSION = YES;
				CLANG_WARN_OBJC_ROOT_CLASS = YES_ERROR;
				CLANG_WARN_QUOTED_INCLUDE_IN_FRAMEWORK_HEADER = YES;
				CLANG_WARN_RANGE_LOOP_ANALYSIS = YES;
				CLANG_WARN_STRICT_PROTOTYPES = YES;
				CLANG_WARN_SUSPICIOUS_MOVE = YES;
				CLANG_WARN_UNGUARDED_AVAILABILITY = YES_AGGRESSIVE;
				CLANG_WARN_UNREACHABLE_CODE = YES;
				CLANG_WARN__DUPLICATE_METHOD_MATCH = YES;
				COPY_PHASE_STRIP = NO;
				DEBUG_INFORMATION_FORMAT = dwarf;
				ENABLE_STRICT_OBJC_MSGSEND = YES;
				ENABLE_TESTABILITY = YES;
				ENABLE_USER_SCRIPT_SANDBOXING = YES;
				GCC_C_LANGUAGE_STANDARD = gnu17;
				GCC_DYNAMIC_NO_PIC = NO;
				GCC_NO_COMMON_BLOCKS = YES;
				GCC_OPTIMIZATION_LEVEL = 0;
				GCC_PREPROCESSOR_DEFINITIONS = (
					"DEBUG=1",
					"$(inherited)",
				);
				GCC_WARN_64_TO_32_BIT_CONVERSION = YES;
				GCC_WARN_ABOUT_RETURN_TYPE = YES_ERROR;
				GCC_WARN_UNDECLARED_SELECTOR = YES;
				GCC_WARN_UNINITIALIZED_AUTOS = YES_AGGRESSIVE;
				GCC_WARN_UNUSED_FUNCTION = YES;
				GCC_WARN_UNUSED_VARIABLE = YES;
				IPHONEOS_DEPLOYMENT_TARGET = 17.2;
				LOCALIZATION_PREFERS_STRING_CATALOGS = YES;
				MTL_ENABLE_DEBUG_INFO = INCLUDE_SOURCE;
				MTL_FAST_MATH = YES;
				ONLY_ACTIVE_ARCH = YES;
				SDKROOT = iphoneos;
				SWIFT_ACTIVE_COMPILATION_CONDITIONS = "DEBUG $(inherited)";
				SWIFT_OPTIMIZATION_LEVEL = "-Onone";
			};
			name = Debug;
		};
		EB15B29B2B480FB50096B201 /* Release */ = {
			isa = XCBuildConfiguration;
			buildSettings = {
				ALWAYS_SEARCH_USER_PATHS = NO;
				ASSETCATALOG_COMPILER_GENERATE_SWIFT_ASSET_SYMBOL_EXTENSIONS = YES;
				CLANG_ANALYZER_NONNULL = YES;
				CLANG_ANALYZER_NUMBER_OBJECT_CONVERSION = YES_AGGRESSIVE;
				CLANG_CXX_LANGUAGE_STANDARD = "gnu++20";
				CLANG_ENABLE_MODULES = YES;
				CLANG_ENABLE_OBJC_ARC = YES;
				CLANG_ENABLE_OBJC_WEAK = YES;
				CLANG_WARN_BLOCK_CAPTURE_AUTORELEASING = YES;
				CLANG_WARN_BOOL_CONVERSION = YES;
				CLANG_WARN_COMMA = YES;
				CLANG_WARN_CONSTANT_CONVERSION = YES;
				CLANG_WARN_DEPRECATED_OBJC_IMPLEMENTATIONS = YES;
				CLANG_WARN_DIRECT_OBJC_ISA_USAGE = YES_ERROR;
				CLANG_WARN_DOCUMENTATION_COMMENTS = YES;
				CLANG_WARN_EMPTY_BODY = YES;
				CLANG_WARN_ENUM_CONVERSION = YES;
				CLANG_WARN_INFINITE_RECURSION = YES;
				CLANG_WARN_INT_CONVERSION = YES;
				CLANG_WARN_NON_LITERAL_NULL_CONVERSION = YES;
				CLANG_WARN_OBJC_IMPLICIT_RETAIN_SELF = YES;
				CLANG_WARN_OBJC_LITERAL_CONVERSION = YES;
				CLANG_WARN_OBJC_ROOT_CLASS = YES_ERROR;
				CLANG_WARN_QUOTED_INCLUDE_IN_FRAMEWORK_HEADER = YES;
				CLANG_WARN_RANGE_LOOP_ANALYSIS = YES;
				CLANG_WARN_STRICT_PROTOTYPES = YES;
				CLANG_WARN_SUSPICIOUS_MOVE = YES;
				CLANG_WARN_UNGUARDED_AVAILABILITY = YES_AGGRESSIVE;
				CLANG_WARN_UNREACHABLE_CODE = YES;
				CLANG_WARN__DUPLICATE_METHOD_MATCH = YES;
				COPY_PHASE_STRIP = NO;
				DEBUG_INFORMATION_FORMAT = "dwarf-with-dsym";
				ENABLE_NS_ASSERTIONS = NO;
				ENABLE_STRICT_OBJC_MSGSEND = YES;
				ENABLE_USER_SCRIPT_SANDBOXING = YES;
				GCC_C_LANGUAGE_STANDARD = gnu17;
				GCC_NO_COMMON_BLOCKS = YES;
				GCC_WARN_64_TO_32_BIT_CONVERSION = YES;
				GCC_WARN_ABOUT_RETURN_TYPE = YES_ERROR;
				GCC_WARN_UNDECLARED_SELECTOR = YES;
				GCC_WARN_UNINITIALIZED_AUTOS = YES_AGGRESSIVE;
				GCC_WARN_UNUSED_FUNCTION = YES;
				GCC_WARN_UNUSED_VARIABLE = YES;
				IPHONEOS_DEPLOYMENT_TARGET = 17.2;
				LOCALIZATION_PREFERS_STRING_CATALOGS = YES;
				MTL_ENABLE_DEBUG_INFO = NO;
				MTL_FAST_MATH = YES;
				SDKROOT = iphoneos;
				SWIFT_COMPILATION_MODE = wholemodule;
				VALIDATE_PRODUCT = YES;
			};
			name = Release;
		};
		EB15B29D2B480FB50096B201 /* Debug */ = {
			isa = XCBuildConfiguration;
			buildSettings = {
				ASSETCATALOG_COMPILER_APPICON_NAME = AppIcon;
				ASSETCATALOG_COMPILER_GLOBAL_ACCENT_COLOR_NAME = AccentColor;
				CODE_SIGN_STYLE = Automatic;
				CURRENT_PROJECT_VERSION = 1;
				DEVELOPMENT_ASSET_PATHS = "\"hyacinth/Preview Content\"";
				ENABLE_PREVIEWS = YES;
				GENERATE_INFOPLIST_FILE = YES;
				INFOPLIST_KEY_UIApplicationSceneManifest_Generation = YES;
				INFOPLIST_KEY_UIApplicationSupportsIndirectInputEvents = YES;
				INFOPLIST_KEY_UILaunchScreen_Generation = YES;
				INFOPLIST_KEY_UISupportedInterfaceOrientations_iPad = "UIInterfaceOrientationPortrait UIInterfaceOrientationPortraitUpsideDown UIInterfaceOrientationLandscapeLeft UIInterfaceOrientationLandscapeRight";
				INFOPLIST_KEY_UISupportedInterfaceOrientations_iPhone = "UIInterfaceOrientationPortrait UIInterfaceOrientationLandscapeLeft UIInterfaceOrientationLandscapeRight";
				LD_RUNPATH_SEARCH_PATHS = (
					"$(inherited)",
					"@executable_path/Frameworks",
				);
				MARKETING_VERSION = 1.0;
				PRODUCT_BUNDLE_IDENTIFIER = dev.victorqiu.hyacinth;
				PRODUCT_NAME = "$(TARGET_NAME)";
				SWIFT_EMIT_LOC_STRINGS = YES;
				SWIFT_VERSION = 5.0;
				TARGETED_DEVICE_FAMILY = "1,2";
			};
			name = Debug;
		};
		EB15B29E2B480FB50096B201 /* Release */ = {
			isa = XCBuildConfiguration;
			buildSettings = {
				ASSETCATALOG_COMPILER_APPICON_NAME = AppIcon;
				ASSETCATALOG_COMPILER_GLOBAL_ACCENT_COLOR_NAME = AccentColor;
				CODE_SIGN_STYLE = Automatic;
				CURRENT_PROJECT_VERSION = 1;
				DEVELOPMENT_ASSET_PATHS = "\"hyacinth/Preview Content\"";
				ENABLE_PREVIEWS = YES;
				GENERATE_INFOPLIST_FILE = YES;
				INFOPLIST_KEY_UIApplicationSceneManifest_Generation = YES;
				INFOPLIST_KEY_UIApplicationSupportsIndirectInputEvents = YES;
				INFOPLIST_KEY_UILaunchScreen_Generation = YES;
				INFOPLIST_KEY_UISupportedInterfaceOrientations_iPad = "UIInterfaceOrientationPortrait UIInterfaceOrientationPortraitUpsideDown UIInterfaceOrientationLandscapeLeft UIInterfaceOrientationLandscapeRight";
				INFOPLIST_KEY_UISupportedInterfaceOrientations_iPhone = "UIInterfaceOrientationPortrait UIInterfaceOrientationLandscapeLeft UIInterfaceOrientationLandscapeRight";
				LD_RUNPATH_SEARCH_PATHS = (
					"$(inherited)",
					"@executable_path/Frameworks",
				);
				MARKETING_VERSION = 1.0;
				PRODUCT_BUNDLE_IDENTIFIER = dev.victorqiu.hyacinth;
				PRODUCT_NAME = "$(TARGET_NAME)";
				SWIFT_EMIT_LOC_STRINGS = YES;
				SWIFT_VERSION = 5.0;
				TARGETED_DEVICE_FAMILY = "1,2";
			};
			name = Release;
		};
/* End XCBuildConfiguration section */

/* Begin XCConfigurationList section */
		EB15B2892B480FB30096B201 /* Build configuration list for PBXProject "hyacinth" */ = {
			isa = XCConfigurationList;
			buildConfigurations = (
				EB15B29A2B480FB50096B201 /* Debug */,
				EB15B29B2B480FB50096B201 /* Release */,
			);
			defaultConfigurationIsVisible = 0;
			defaultConfigurationName = Release;
		};
		EB15B29C2B480FB50096B201 /* Build configuration list for PBXNativeTarget "hyacinth" */ = {
			isa = XCConfigurationList;
			buildConfigurations = (
				EB15B29D2B480FB50096B201 /* Debug */,
				EB15B29E2B480FB50096B201 /* Release */,
			);
			defaultConfigurationIsVisible = 0;
			defaultConfigurationName = Release;
		};
/* End XCConfigurationList section */

/* Begin XCRemoteSwiftPackageReference section */
		EB8F249C2B4AAA5E00DA3EEC /* XCRemoteSwiftPackageReference "SwipeActions" */ = {
			isa = XCRemoteSwiftPackageReference;
			repositoryURL = "https://github.com/aheze/SwipeActions";
			requirement = {
				kind = upToNextMajorVersion;
				minimumVersion = 1.1.0;
			};
		};
/* End XCRemoteSwiftPackageReference section */

/* Begin XCSwiftPackageProductDependency section */
		EB8F249D2B4AAA5E00DA3EEC /* SwipeActions */ = {
			isa = XCSwiftPackageProductDependency;
			package = EB8F249C2B4AAA5E00DA3EEC /* XCRemoteSwiftPackageReference "SwipeActions" */;
			productName = SwipeActions;
		};
/* End XCSwiftPackageProductDependency section */
	};
	rootObject = EB15B2862B480FB30096B201 /* Project object */;
}
